
Microsoft Visual Studio Solution File, Format Version 12.00
# Visual Studio Version 17
VisualStudioVersion = 17.2.32630.192
MinimumVisualStudioVersion = 10.0.40219.1
Project("{FAE04EC0-301F-11D3-BF4B-00C04F79EFBC}") = "FYB.API", "FYB.API\FYB.API.csproj", "{55E2E28D-7044-4DAC-BD47-0CFB54426E62}"
EndProject
Project("{FAE04EC0-301F-11D3-BF4B-00C04F79EFBC}") = "FYB.BL", "FYB.BL\FYB.BL.csproj", "{F8F94CCE-32AF-4A42-A95D-5317B7B75F71}"
EndProject
Project("{FAE04EC0-301F-11D3-BF4B-00C04F79EFBC}") = "FYB.Data", "FYB.Data\FYB.Data.csproj", "{1E9B4AAE-DAAB-4CD6-A25F-FCF931C35444}"
EndProject
Global
	GlobalSection(SolutionConfigurationPlatforms) = preSolution
		Debug|Any CPU = Debug|Any CPU
		Release|Any CPU = Release|Any CPU
	EndGlobalSection
	GlobalSection(ProjectConfigurationPlatforms) = postSolution
		{55E2E28D-7044-4DAC-BD47-0CFB54426E62}.Debug|Any CPU.ActiveCfg = Debug|Any CPU
		{55E2E28D-7044-4DAC-BD47-0CFB54426E62}.Debug|Any CPU.Build.0 = Debug|Any CPU
		{55E2E28D-7044-4DAC-BD47-0CFB54426E62}.Release|Any CPU.ActiveCfg = Release|Any CPU
		{55E2E28D-7044-4DAC-BD47-0CFB54426E62}.Release|Any CPU.Build.0 = Release|Any CPU
		{F8F94CCE-32AF-4A42-A95D-5317B7B75F71}.Debug|Any CPU.ActiveCfg = Debug|Any CPU
		{F8F94CCE-32AF-4A42-A95D-5317B7B75F71}.Debug|Any CPU.Build.0 = Debug|Any CPU
		{F8F94CCE-32AF-4A42-A95D-5317B7B75F71}.Release|Any CPU.ActiveCfg = Release|Any CPU
		{F8F94CCE-32AF-4A42-A95D-5317B7B75F71}.Release|Any CPU.Build.0 = Release|Any CPU
		{1E9B4AAE-DAAB-4CD6-A25F-FCF931C35444}.Debug|Any CPU.ActiveCfg = Debug|Any CPU
		{1E9B4AAE-DAAB-4CD6-A25F-FCF931C35444}.Debug|Any CPU.Build.0 = Debug|Any CPU
		{1E9B4AAE-DAAB-4CD6-A25F-FCF931C35444}.Release|Any CPU.ActiveCfg = Release|Any CPU
		{1E9B4AAE-DAAB-4CD6-A25F-FCF931C35444}.Release|Any CPU.Build.0 = Release|Any CPU
	EndGlobalSection
	GlobalSection(SolutionProperties) = preSolution
		HideSolutionNode = FALSE
	EndGlobalSection
	GlobalSection(ExtensibilityGlobals) = postSolution
		SolutionGuid = {D4E629E9-8044-4C0C-BCC4-C007B4FFD1D1}
	EndGlobalSection
EndGlobal
